
Microsoft Visual Studio Solution File, Format Version 12.00
# Visual Studio 16
Project("{FAE04EC0-301F-11D3-BF4B-00C04F79EFBC}") = "Assembly-CSharp-firstpass", "Assembly-CSharp-firstpass.csproj", "{3AB4BFBA-A178-80AC-AFE0-BB92CDA30C6C}"
EndProject
Project("{FAE04EC0-301F-11D3-BF4B-00C04F79EFBC}") = "Assembly-CSharp", "Assembly-CSharp.csproj", "{3D32B40F-7A30-A582-96C8-2B0B8E215E3D}"
EndProject
Project("{FAE04EC0-301F-11D3-BF4B-00C04F79EFBC}") = "Assembly-CSharp-Editor-firstpass", "Assembly-CSharp-Editor-firstpass.csproj", "{AF5E83BB-B491-B14B-71AF-C985D11E9C06}"
EndProject
Global
	GlobalSection(SolutionConfigurationPlatforms) = preSolution
		Debug|Any CPU = Debug|Any CPU
		Release|Any CPU = Release|Any CPU
	EndGlobalSection
	GlobalSection(ProjectConfigurationPlatforms) = postSolution
		{3AB4BFBA-A178-80AC-AFE0-BB92CDA30C6C}.Debug|Any CPU.ActiveCfg = Debug|Any CPU
		{3AB4BFBA-A178-80AC-AFE0-BB92CDA30C6C}.Debug|Any CPU.Build.0 = Debug|Any CPU
		{3AB4BFBA-A178-80AC-AFE0-BB92CDA30C6C}.Release|Any CPU.ActiveCfg = Release|Any CPU
		{3AB4BFBA-A178-80AC-AFE0-BB92CDA30C6C}.Release|Any CPU.Build.0 = Release|Any CPU
		{3D32B40F-7A30-A582-96C8-2B0B8E215E3D}.Debug|Any CPU.ActiveCfg = Debug|Any CPU
		{3D32B40F-7A30-A582-96C8-2B0B8E215E3D}.Debug|Any CPU.Build.0 = Debug|Any CPU
		{3D32B40F-7A30-A582-96C8-2B0B8E215E3D}.Release|Any CPU.ActiveCfg = Release|Any CPU
		{3D32B40F-7A30-A582-96C8-2B0B8E215E3D}.Release|Any CPU.Build.0 = Release|Any CPU
		{AF5E83BB-B491-B14B-71AF-C985D11E9C06}.Debug|Any CPU.ActiveCfg = Debug|Any CPU
		{AF5E83BB-B491-B14B-71AF-C985D11E9C06}.Debug|Any CPU.Build.0 = Debug|Any CPU
		{AF5E83BB-B491-B14B-71AF-C985D11E9C06}.Release|Any CPU.ActiveCfg = Release|Any CPU
		{AF5E83BB-B491-B14B-71AF-C985D11E9C06}.Release|Any CPU.Build.0 = Release|Any CPU
	EndGlobalSection
	GlobalSection(SolutionProperties) = preSolution
		HideSolutionNode = FALSE
	EndGlobalSection
EndGlobal
